
Microsoft Visual Studio Solution File, Format Version 12.00
# Visual Studio Version 17
VisualStudioVersion = 17.5.002.0
MinimumVisualStudioVersion = 10.0.40219.1
Project("{9A19103F-16F7-4668-BE54-9A1E7A4F7556}") = "DesafioPOO", "DesafioPOO.csproj", "{7BC6479B-DAE4-4533-9B1F-547635F17247}"
EndProject
Global
	GlobalSection(SolutionConfigurationPlatforms) = preSolution
		Debug|Any CPU = Debug|Any CPU
		Release|Any CPU = Release|Any CPU
	EndGlobalSection
	GlobalSection(ProjectConfigurationPlatforms) = postSolution
		{7BC6479B-DAE4-4533-9B1F-547635F17247}.Debug|Any CPU.ActiveCfg = Debug|Any CPU
		{7BC6479B-DAE4-4533-9B1F-547635F17247}.Debug|Any CPU.Build.0 = Debug|Any CPU
		{7BC6479B-DAE4-4533-9B1F-547635F17247}.Release|Any CPU.ActiveCfg = Release|Any CPU
		{7BC6479B-DAE4-4533-9B1F-547635F17247}.Release|Any CPU.Build.0 = Release|Any CPU
	EndGlobalSection
	GlobalSection(SolutionProperties) = preSolution
		HideSolutionNode = FALSE
	EndGlobalSection
	GlobalSection(ExtensibilityGlobals) = postSolution
		SolutionGuid = {2CA63820-CC03-48A7-B120-933E5E969098}
	EndGlobalSection
EndGlobal
